
Microsoft Visual Studio Solution File, Format Version 12.00
Project("{2150E333-8FDC-42A3-9474-1A3956D46DE8}") = "src", "src", "{3355E69A-02D6-49CA-877E-4D9594222CE4}"
EndProject
Project("{2150E333-8FDC-42A3-9474-1A3956D46DE8}") = "tests", "tests", "{1BA385BC-A756-40AE-9892-D9C172455B76}"
EndProject
Project("{FAE04EC0-301F-11D3-BF4B-00C04F79EFBC}") = "PasswordManager", "src\PasswordManager\PasswordManager.csproj", "{D615915E-F208-4A24-88B0-6B4135D80213}"
EndProject
Project("{FAE04EC0-301F-11D3-BF4B-00C04F79EFBC}") = "PasswordManager.API", "src\PasswordManager.API\PasswordManager.API.csproj", "{991B20B4-A184-4EB6-8C4A-BA53BD08D685}"
EndProject
Project("{FAE04EC0-301F-11D3-BF4B-00C04F79EFBC}") = "PasswordManager.API.Core", "src\PasswordManager.API.Core\PasswordManager.API.Core.csproj", "{C0374538-490A-4554-85C6-626C481584D4}"
EndProject
Project("{FAE04EC0-301F-11D3-BF4B-00C04F79EFBC}") = "PasswordManager.Persistence.Domain", "src\PasswordManager.Persistence.Domain\PasswordManager.Persistence.Domain.csproj", "{055C5BF0-8A0E-4DDC-86BC-F25CAECF6C63}"
EndProject
Project("{FAE04EC0-301F-11D3-BF4B-00C04F79EFBC}") = "PasswordManager.Persistence", "src\PasswordManager.Persistence\PasswordManager.Persistence.csproj", "{E7297EF6-DA6B-455C-8A7D-173B6CFA250F}"
EndProject
Global
	GlobalSection(SolutionConfigurationPlatforms) = preSolution
		Debug|Any CPU = Debug|Any CPU
		Release|Any CPU = Release|Any CPU
	EndGlobalSection
	GlobalSection(ProjectConfigurationPlatforms) = postSolution
		{D615915E-F208-4A24-88B0-6B4135D80213}.Debug|Any CPU.ActiveCfg = Debug|Any CPU
		{D615915E-F208-4A24-88B0-6B4135D80213}.Debug|Any CPU.Build.0 = Debug|Any CPU
		{D615915E-F208-4A24-88B0-6B4135D80213}.Release|Any CPU.ActiveCfg = Release|Any CPU
		{D615915E-F208-4A24-88B0-6B4135D80213}.Release|Any CPU.Build.0 = Release|Any CPU
		{991B20B4-A184-4EB6-8C4A-BA53BD08D685}.Debug|Any CPU.ActiveCfg = Debug|Any CPU
		{991B20B4-A184-4EB6-8C4A-BA53BD08D685}.Debug|Any CPU.Build.0 = Debug|Any CPU
		{991B20B4-A184-4EB6-8C4A-BA53BD08D685}.Release|Any CPU.ActiveCfg = Release|Any CPU
		{991B20B4-A184-4EB6-8C4A-BA53BD08D685}.Release|Any CPU.Build.0 = Release|Any CPU
		{C0374538-490A-4554-85C6-626C481584D4}.Debug|Any CPU.ActiveCfg = Debug|Any CPU
		{C0374538-490A-4554-85C6-626C481584D4}.Debug|Any CPU.Build.0 = Debug|Any CPU
		{C0374538-490A-4554-85C6-626C481584D4}.Release|Any CPU.ActiveCfg = Release|Any CPU
		{C0374538-490A-4554-85C6-626C481584D4}.Release|Any CPU.Build.0 = Release|Any CPU
		{055C5BF0-8A0E-4DDC-86BC-F25CAECF6C63}.Debug|Any CPU.ActiveCfg = Debug|Any CPU
		{055C5BF0-8A0E-4DDC-86BC-F25CAECF6C63}.Debug|Any CPU.Build.0 = Debug|Any CPU
		{055C5BF0-8A0E-4DDC-86BC-F25CAECF6C63}.Release|Any CPU.ActiveCfg = Release|Any CPU
		{055C5BF0-8A0E-4DDC-86BC-F25CAECF6C63}.Release|Any CPU.Build.0 = Release|Any CPU
		{E7297EF6-DA6B-455C-8A7D-173B6CFA250F}.Debug|Any CPU.ActiveCfg = Debug|Any CPU
		{E7297EF6-DA6B-455C-8A7D-173B6CFA250F}.Debug|Any CPU.Build.0 = Debug|Any CPU
		{E7297EF6-DA6B-455C-8A7D-173B6CFA250F}.Release|Any CPU.ActiveCfg = Release|Any CPU
		{E7297EF6-DA6B-455C-8A7D-173B6CFA250F}.Release|Any CPU.Build.0 = Release|Any CPU
	EndGlobalSection
	GlobalSection(NestedProjects) = preSolution
		{D615915E-F208-4A24-88B0-6B4135D80213} = {3355E69A-02D6-49CA-877E-4D9594222CE4}
		{991B20B4-A184-4EB6-8C4A-BA53BD08D685} = {3355E69A-02D6-49CA-877E-4D9594222CE4}
		{C0374538-490A-4554-85C6-626C481584D4} = {3355E69A-02D6-49CA-877E-4D9594222CE4}
		{055C5BF0-8A0E-4DDC-86BC-F25CAECF6C63} = {3355E69A-02D6-49CA-877E-4D9594222CE4}
		{E7297EF6-DA6B-455C-8A7D-173B6CFA250F} = {3355E69A-02D6-49CA-877E-4D9594222CE4}
	EndGlobalSection
EndGlobal
